
Microsoft Visual Studio Solution File, Format Version 12.00
# Visual Studio Version 17
VisualStudioVersion = 17.4.33213.308
MinimumVisualStudioVersion = 10.0.40219.1
Project("{9A19103F-16F7-4668-BE54-9A1E7A4F7556}") = "MKsEMS", "MKsEMS.csproj", "{4180F7A0-4C91-46C9-A9BD-4CC6029A7D3C}"
EndProject
Project("{FAE04EC0-301F-11D3-BF4B-00C04F79EFBC}") = "MKsEMSTestProject", "..\MKsEMSTestProject1\MKsEMSTestProject.csproj", "{CB532324-8A3D-42F2-82BE-DBF761730BA0}"
EndProject
Global
	GlobalSection(SolutionConfigurationPlatforms) = preSolution
		Debug|Any CPU = Debug|Any CPU
		Release|Any CPU = Release|Any CPU
	EndGlobalSection
	GlobalSection(ProjectConfigurationPlatforms) = postSolution
		{4180F7A0-4C91-46C9-A9BD-4CC6029A7D3C}.Debug|Any CPU.ActiveCfg = Debug|Any CPU
		{4180F7A0-4C91-46C9-A9BD-4CC6029A7D3C}.Debug|Any CPU.Build.0 = Debug|Any CPU
		{4180F7A0-4C91-46C9-A9BD-4CC6029A7D3C}.Release|Any CPU.ActiveCfg = Release|Any CPU
		{4180F7A0-4C91-46C9-A9BD-4CC6029A7D3C}.Release|Any CPU.Build.0 = Release|Any CPU
		{CB532324-8A3D-42F2-82BE-DBF761730BA0}.Debug|Any CPU.ActiveCfg = Debug|Any CPU
		{CB532324-8A3D-42F2-82BE-DBF761730BA0}.Debug|Any CPU.Build.0 = Debug|Any CPU
		{CB532324-8A3D-42F2-82BE-DBF761730BA0}.Release|Any CPU.ActiveCfg = Release|Any CPU
		{CB532324-8A3D-42F2-82BE-DBF761730BA0}.Release|Any CPU.Build.0 = Release|Any CPU
	EndGlobalSection
	GlobalSection(SolutionProperties) = preSolution
		HideSolutionNode = FALSE
	EndGlobalSection
	GlobalSection(ExtensibilityGlobals) = postSolution
		SolutionGuid = {5E231F43-24E4-47E0-8AA4-71C576AD16E6}
	EndGlobalSection
EndGlobal
